// !$*UTF8*$!
{
	archiveVersion = 1;
	classes = {
	};
	objectVersion = 46;
	objects = {

/* Begin PBXBuildFile section */
		157E2481A30EB0B5010E8970 /* libPods.a in Frameworks */ = {isa = PBXBuildFile; fileRef = D3EAA8D06098815372A8E73D /* libPods.a */; };
		41D3683B1A4428CB003C1ACD /* main.m in Sources */ = {isa = PBXBuildFile; fileRef = 41D3683A1A4428CB003C1ACD /* main.m */; };
		41D3683E1A4428CB003C1ACD /* AppDelegate.m in Sources */ = {isa = PBXBuildFile; fileRef = 41D3683D1A4428CB003C1ACD /* AppDelegate.m */; };
		41D368441A4428CB003C1ACD /* Main.storyboard in Resources */ = {isa = PBXBuildFile; fileRef = 41D368421A4428CB003C1ACD /* Main.storyboard */; };
		41D368461A4428CB003C1ACD /* Images.xcassets in Resources */ = {isa = PBXBuildFile; fileRef = 41D368451A4428CB003C1ACD /* Images.xcassets */; };
		41D368491A4428CB003C1ACD /* LaunchScreen.xib in Resources */ = {isa = PBXBuildFile; fileRef = 41D368471A4428CB003C1ACD /* LaunchScreen.xib */; };
		41D368551A4428CB003C1ACD /* VideoSpecialEffectDemoTests.m in Sources */ = {isa = PBXBuildFile; fileRef = 41D368541A4428CB003C1ACD /* VideoSpecialEffectDemoTests.m */; };
		41D3686F1A457D22003C1ACD /* AddBorderController.m in Sources */ = {isa = PBXBuildFile; fileRef = 41D368681A457D22003C1ACD /* AddBorderController.m */; };
		41D368701A457D22003C1ACD /* CommonVideoController.m in Sources */ = {isa = PBXBuildFile; fileRef = 41D3686E1A457D22003C1ACD /* CommonVideoController.m */; };
		41DE5F621A47EF600085F1E7 /* AddAnimationController.m in Sources */ = {isa = PBXBuildFile; fileRef = 41DE5F581A47EF600085F1E7 /* AddAnimationController.m */; };
		41DE5F631A47EF600085F1E7 /* AddOverlayBGController.m in Sources */ = {isa = PBXBuildFile; fileRef = 41DE5F5B1A47EF600085F1E7 /* AddOverlayBGController.m */; };
		41DE5F641A47EF600085F1E7 /* AddSubTitleController.m in Sources */ = {isa = PBXBuildFile; fileRef = 41DE5F5E1A47EF600085F1E7 /* AddSubTitleController.m */; };
		41DE5F651A47EF600085F1E7 /* AddTiltController.m in Sources */ = {isa = PBXBuildFile; fileRef = 41DE5F611A47EF600085F1E7 /* AddTiltController.m */; };
/* End PBXBuildFile section */

/* Begin PBXContainerItemProxy section */
		41D3684F1A4428CB003C1ACD /* PBXContainerItemProxy */ = {
			isa = PBXContainerItemProxy;
			containerPortal = 41D3682D1A4428CB003C1ACD /* Project object */;
			proxyType = 1;
			remoteGlobalIDString = 41D368341A4428CB003C1ACD;
			remoteInfo = VideoSpecialEffectDemo;
		};
/* End PBXContainerItemProxy section */

/* Begin PBXFileReference section */
		3800F5E3721AC7D5A0544326 /* Pods.debug.xcconfig */ = {isa = PBXFileReference; includeInIndex = 1; lastKnownFileType = text.xcconfig; name = Pods.debug.xcconfig; path = "Pods/Target Support Files/Pods/Pods.debug.xcconfig"; sourceTree = "<group>"; };
		41D368351A4428CB003C1ACD /* VideoSpecialEffectDemo.app */ = {isa = PBXFileReference; explicitFileType = wrapper.application; includeInIndex = 0; path = VideoSpecialEffectDemo.app; sourceTree = BUILT_PRODUCTS_DIR; };
		41D368391A4428CB003C1ACD /* Info.plist */ = {isa = PBXFileReference; lastKnownFileType = text.plist.xml; path = Info.plist; sourceTree = "<group>"; };
		41D3683A1A4428CB003C1ACD /* main.m */ = {isa = PBXFileReference; lastKnownFileType = sourcecode.c.objc; path = main.m; sourceTree = "<group>"; };
		41D3683C1A4428CB003C1ACD /* AppDelegate.h */ = {isa = PBXFileReference; lastKnownFileType = sourcecode.c.h; path = AppDelegate.h; sourceTree = "<group>"; };
		41D3683D1A4428CB003C1ACD /* AppDelegate.m */ = {isa = PBXFileReference; lastKnownFileType = sourcecode.c.objc; path = AppDelegate.m; sourceTree = "<group>"; };
		41D368431A4428CB003C1ACD /* Base */ = {isa = PBXFileReference; lastKnownFileType = file.storyboard; name = Base; path = Base.lproj/Main.storyboard; sourceTree = "<group>"; };
		41D368451A4428CB003C1ACD /* Images.xcassets */ = {isa = PBXFileReference; lastKnownFileType = folder.assetcatalog; path = Images.xcassets; sourceTree = "<group>"; };
		41D368481A4428CB003C1ACD /* Base */ = {isa = PBXFileReference; lastKnownFileType = file.xib; name = Base; path = Base.lproj/LaunchScreen.xib; sourceTree = "<group>"; };
		41D3684E1A4428CB003C1ACD /* VideoSpecialEffectDemoTests.xctest */ = {isa = PBXFileReference; explicitFileType = wrapper.cfbundle; includeInIndex = 0; path = VideoSpecialEffectDemoTests.xctest; sourceTree = BUILT_PRODUCTS_DIR; };
		41D368531A4428CB003C1ACD /* Info.plist */ = {isa = PBXFileReference; lastKnownFileType = text.plist.xml; path = Info.plist; sourceTree = "<group>"; };
		41D368541A4428CB003C1ACD /* VideoSpecialEffectDemoTests.m */ = {isa = PBXFileReference; lastKnownFileType = sourcecode.c.objc; path = VideoSpecialEffectDemoTests.m; sourceTree = "<group>"; };
		41D368671A457D22003C1ACD /* AddBorderController.h */ = {isa = PBXFileReference; fileEncoding = 4; lastKnownFileType = sourcecode.c.h; path = AddBorderController.h; sourceTree = "<group>"; };
		41D368681A457D22003C1ACD /* AddBorderController.m */ = {isa = PBXFileReference; fileEncoding = 4; lastKnownFileType = sourcecode.c.objc; path = AddBorderController.m; sourceTree = "<group>"; };
		41D3686D1A457D22003C1ACD /* CommonVideoController.h */ = {isa = PBXFileReference; fileEncoding = 4; lastKnownFileType = sourcecode.c.h; path = CommonVideoController.h; sourceTree = "<group>"; };
		41D3686E1A457D22003C1ACD /* CommonVideoController.m */ = {isa = PBXFileReference; fileEncoding = 4; lastKnownFileType = sourcecode.c.objc; path = CommonVideoController.m; sourceTree = "<group>"; };
		41DE5F571A47EF600085F1E7 /* AddAnimationController.h */ = {isa = PBXFileReference; fileEncoding = 4; lastKnownFileType = sourcecode.c.h; path = AddAnimationController.h; sourceTree = "<group>"; };
		41DE5F581A47EF600085F1E7 /* AddAnimationController.m */ = {isa = PBXFileReference; fileEncoding = 4; lastKnownFileType = sourcecode.c.objc; path = AddAnimationController.m; sourceTree = "<group>"; };
		41DE5F5A1A47EF600085F1E7 /* AddOverlayBGController.h */ = {isa = PBXFileReference; fileEncoding = 4; lastKnownFileType = sourcecode.c.h; path = AddOverlayBGController.h; sourceTree = "<group>"; };
		41DE5F5B1A47EF600085F1E7 /* AddOverlayBGController.m */ = {isa = PBXFileReference; fileEncoding = 4; lastKnownFileType = sourcecode.c.objc; path = AddOverlayBGController.m; sourceTree = "<group>"; };
		41DE5F5D1A47EF600085F1E7 /* AddSubTitleController.h */ = {isa = PBXFileReference; fileEncoding = 4; lastKnownFileType = sourcecode.c.h; path = AddSubTitleController.h; sourceTree = "<group>"; };
		41DE5F5E1A47EF600085F1E7 /* AddSubTitleController.m */ = {isa = PBXFileReference; fileEncoding = 4; lastKnownFileType = sourcecode.c.objc; path = AddSubTitleController.m; sourceTree = "<group>"; };
		41DE5F601A47EF600085F1E7 /* AddTiltController.h */ = {isa = PBXFileReference; fileEncoding = 4; lastKnownFileType = sourcecode.c.h; path = AddTiltController.h; sourceTree = "<group>"; };
		41DE5F611A47EF600085F1E7 /* AddTiltController.m */ = {isa = PBXFileReference; fileEncoding = 4; lastKnownFileType = sourcecode.c.objc; path = AddTiltController.m; sourceTree = "<group>"; };
		B45EF4C825566891969E64F5 /* Pods.release.xcconfig */ = {isa = PBXFileReference; includeInIndex = 1; lastKnownFileType = text.xcconfig; name = Pods.release.xcconfig; path = "Pods/Target Support Files/Pods/Pods.release.xcconfig"; sourceTree = "<group>"; };
		D3EAA8D06098815372A8E73D /* libPods.a */ = {isa = PBXFileReference; explicitFileType = archive.ar; includeInIndex = 0; path = libPods.a; sourceTree = BUILT_PRODUCTS_DIR; };
/* End PBXFileReference section */

/* Begin PBXFrameworksBuildPhase section */
		41D368321A4428CB003C1ACD /* Frameworks */ = {
			isa = PBXFrameworksBuildPhase;
			buildActionMask = 2147483647;
			files = (
				157E2481A30EB0B5010E8970 /* libPods.a in Frameworks */,
			);
			runOnlyForDeploymentPostprocessing = 0;
		};
		41D3684B1A4428CB003C1ACD /* Frameworks */ = {
			isa = PBXFrameworksBuildPhase;
			buildActionMask = 2147483647;
			files = (
			);
			runOnlyForDeploymentPostprocessing = 0;
		};
/* End PBXFrameworksBuildPhase section */

/* Begin PBXGroup section */
		29332EE1FA5B25526FFDFAAA /* Frameworks */ = {
			isa = PBXGroup;
			children = (
				D3EAA8D06098815372A8E73D /* libPods.a */,
			);
			name = Frameworks;
			sourceTree = "<group>";
		};
		41D3682C1A4428CB003C1ACD = {
			isa = PBXGroup;
			children = (
				41D368371A4428CB003C1ACD /* VideoSpecialEffectDemo */,
				41D368511A4428CB003C1ACD /* VideoSpecialEffectDemoTests */,
				41D368361A4428CB003C1ACD /* Products */,
				86653F6CDABE9DB4EA6FC001 /* Pods */,
				29332EE1FA5B25526FFDFAAA /* Frameworks */,
			);
			sourceTree = "<group>";
		};
		41D368361A4428CB003C1ACD /* Products */ = {
			isa = PBXGroup;
			children = (
				41D368351A4428CB003C1ACD /* VideoSpecialEffectDemo.app */,
				41D3684E1A4428CB003C1ACD /* VideoSpecialEffectDemoTests.xctest */,
			);
			name = Products;
			sourceTree = "<group>";
		};
		41D368371A4428CB003C1ACD /* VideoSpecialEffectDemo */ = {
			isa = PBXGroup;
			children = (
				41D3683C1A4428CB003C1ACD /* AppDelegate.h */,
				41D3683D1A4428CB003C1ACD /* AppDelegate.m */,
				41D368641A457D22003C1ACD /* Controller */,
				41D368421A4428CB003C1ACD /* Main.storyboard */,
				41D368451A4428CB003C1ACD /* Images.xcassets */,
				41D368471A4428CB003C1ACD /* LaunchScreen.xib */,
				41D368381A4428CB003C1ACD /* Supporting Files */,
			);
			path = VideoSpecialEffectDemo;
			sourceTree = "<group>";
		};
		41D368381A4428CB003C1ACD /* Supporting Files */ = {
			isa = PBXGroup;
			children = (
				41D368391A4428CB003C1ACD /* Info.plist */,
				41D3683A1A4428CB003C1ACD /* main.m */,
			);
			name = "Supporting Files";
			sourceTree = "<group>";
		};
		41D368511A4428CB003C1ACD /* VideoSpecialEffectDemoTests */ = {
			isa = PBXGroup;
			children = (
				41D368541A4428CB003C1ACD /* VideoSpecialEffectDemoTests.m */,
				41D368521A4428CB003C1ACD /* Supporting Files */,
			);
			path = VideoSpecialEffectDemoTests;
			sourceTree = "<group>";
		};
		41D368521A4428CB003C1ACD /* Supporting Files */ = {
			isa = PBXGroup;
			children = (
				41D368531A4428CB003C1ACD /* Info.plist */,
			);
			name = "Supporting Files";
			sourceTree = "<group>";
		};
		41D368641A457D22003C1ACD /* Controller */ = {
			isa = PBXGroup;
			children = (
				41DE5F561A47EF600085F1E7 /* AddAnimation */,
				41DE5F591A47EF600085F1E7 /* AddOverlayBG */,
				41DE5F5C1A47EF600085F1E7 /* AddSubTitle */,
				41DE5F5F1A47EF600085F1E7 /* AddTilt */,
				41D368661A457D22003C1ACD /* AddBorder */,
				41D3686C1A457D22003C1ACD /* Main */,
			);
			path = Controller;
			sourceTree = "<group>";
		};
		41D368661A457D22003C1ACD /* AddBorder */ = {
			isa = PBXGroup;
			children = (
				41D368671A457D22003C1ACD /* AddBorderController.h */,
				41D368681A457D22003C1ACD /* AddBorderController.m */,
			);
			path = AddBorder;
			sourceTree = "<group>";
		};
		41D3686C1A457D22003C1ACD /* Main */ = {
			isa = PBXGroup;
			children = (
				41D3686D1A457D22003C1ACD /* CommonVideoController.h */,
				41D3686E1A457D22003C1ACD /* CommonVideoController.m */,
			);
			path = Main;
			sourceTree = "<group>";
		};
		41DE5F561A47EF600085F1E7 /* AddAnimation */ = {
			isa = PBXGroup;
			children = (
				41DE5F571A47EF600085F1E7 /* AddAnimationController.h */,
				41DE5F581A47EF600085F1E7 /* AddAnimationController.m */,
			);
			path = AddAnimation;
			sourceTree = "<group>";
		};
		41DE5F591A47EF600085F1E7 /* AddOverlayBG */ = {
			isa = PBXGroup;
			children = (
				41DE5F5A1A47EF600085F1E7 /* AddOverlayBGController.h */,
				41DE5F5B1A47EF600085F1E7 /* AddOverlayBGController.m */,
			);
			path = AddOverlayBG;
			sourceTree = "<group>";
		};
		41DE5F5C1A47EF600085F1E7 /* AddSubTitle */ = {
			isa = PBXGroup;
			children = (
				41DE5F5D1A47EF600085F1E7 /* AddSubTitleController.h */,
				41DE5F5E1A47EF600085F1E7 /* AddSubTitleController.m */,
			);
			path = AddSubTitle;
			sourceTree = "<group>";
		};
		41DE5F5F1A47EF600085F1E7 /* AddTilt */ = {
			isa = PBXGroup;
			children = (
				41DE5F601A47EF600085F1E7 /* AddTiltController.h */,
				41DE5F611A47EF600085F1E7 /* AddTiltController.m */,
			);
			path = AddTilt;
			sourceTree = "<group>";
		};
		86653F6CDABE9DB4EA6FC001 /* Pods */ = {
			isa = PBXGroup;
			children = (
				3800F5E3721AC7D5A0544326 /* Pods.debug.xcconfig */,
				B45EF4C825566891969E64F5 /* Pods.release.xcconfig */,
			);
			name = Pods;
			sourceTree = "<group>";
		};
/* End PBXGroup section */

/* Begin PBXNativeTarget section */
		41D368341A4428CB003C1ACD /* VideoSpecialEffectDemo */ = {
			isa = PBXNativeTarget;
			buildConfigurationList = 41D368581A4428CB003C1ACD /* Build configuration list for PBXNativeTarget "VideoSpecialEffectDemo" */;
			buildPhases = (
				F1CD39761F5CB7B918569961 /* Check Pods Manifest.lock */,
				41D368311A4428CB003C1ACD /* Sources */,
				41D368321A4428CB003C1ACD /* Frameworks */,
				41D368331A4428CB003C1ACD /* Resources */,
				88CECB451E243526EBEC1F95 /* Copy Pods Resources */,
			);
			buildRules = (
			);
			dependencies = (
			);
			name = VideoSpecialEffectDemo;
			productName = VideoSpecialEffectDemo;
			productReference = 41D368351A4428CB003C1ACD /* VideoSpecialEffectDemo.app */;
			productType = "com.apple.product-type.application";
		};
		41D3684D1A4428CB003C1ACD /* VideoSpecialEffectDemoTests */ = {
			isa = PBXNativeTarget;
			buildConfigurationList = 41D3685B1A4428CB003C1ACD /* Build configuration list for PBXNativeTarget "VideoSpecialEffectDemoTests" */;
			buildPhases = (
				41D3684A1A4428CB003C1ACD /* Sources */,
				41D3684B1A4428CB003C1ACD /* Frameworks */,
				41D3684C1A4428CB003C1ACD /* Resources */,
			);
			buildRules = (
			);
			dependencies = (
				41D368501A4428CB003C1ACD /* PBXTargetDependency */,
			);
			name = VideoSpecialEffectDemoTests;
			productName = VideoSpecialEffectDemoTests;
			productReference = 41D3684E1A4428CB003C1ACD /* VideoSpecialEffectDemoTests.xctest */;
			productType = "com.apple.product-type.bundle.unit-test";
		};
/* End PBXNativeTarget section */

/* Begin PBXProject section */
		41D3682D1A4428CB003C1ACD /* Project object */ = {
			isa = PBXProject;
			attributes = {
				LastUpgradeCheck = 0610;
				ORGANIZATIONNAME = HGG;
				TargetAttributes = {
					41D368341A4428CB003C1ACD = {
						CreatedOnToolsVersion = 6.1.1;
					};
					41D3684D1A4428CB003C1ACD = {
						CreatedOnToolsVersion = 6.1.1;
						TestTargetID = 41D368341A4428CB003C1ACD;
					};
				};
			};
			buildConfigurationList = 41D368301A4428CB003C1ACD /* Build configuration list for PBXProject "VideoSpecialEffectDemo" */;
			compatibilityVersion = "Xcode 3.2";
			developmentRegion = English;
			hasScannedForEncodings = 0;
			knownRegions = (
				en,
				Base,
			);
			mainGroup = 41D3682C1A4428CB003C1ACD;
			productRefGroup = 41D368361A4428CB003C1ACD /* Products */;
			projectDirPath = "";
			projectRoot = "";
			targets = (
				41D368341A4428CB003C1ACD /* VideoSpecialEffectDemo */,
				41D3684D1A4428CB003C1ACD /* VideoSpecialEffectDemoTests */,
			);
		};
/* End PBXProject section */

/* Begin PBXResourcesBuildPhase section */
		41D368331A4428CB003C1ACD /* Resources */ = {
			isa = PBXResourcesBuildPhase;
			buildActionMask = 2147483647;
			files = (
				41D368441A4428CB003C1ACD /* Main.storyboard in Resources */,
				41D368491A4428CB003C1ACD /* LaunchScreen.xib in Resources */,
				41D368461A4428CB003C1ACD /* Images.xcassets in Resources */,
			);
			runOnlyForDeploymentPostprocessing = 0;
		};
		41D3684C1A4428CB003C1ACD /* Resources */ = {
			isa = PBXResourcesBuildPhase;
			buildActionMask = 2147483647;
			files = (
			);
			runOnlyForDeploymentPostprocessing = 0;
		};
/* End PBXResourcesBuildPhase section */

/* Begin PBXShellScriptBuildPhase section */
		88CECB451E243526EBEC1F95 /* Copy Pods Resources */ = {
			isa = PBXShellScriptBuildPhase;
			buildActionMask = 2147483647;
			files = (
			);
			inputPaths = (
			);
			name = "Copy Pods Resources";
			outputPaths = (
			);
			runOnlyForDeploymentPostprocessing = 0;
			shellPath = /bin/sh;
			shellScript = "\"${SRCROOT}/Pods/Target Support Files/Pods/Pods-resources.sh\"\n";
			showEnvVarsInLog = 0;
		};
		F1CD39761F5CB7B918569961 /* Check Pods Manifest.lock */ = {
			isa = PBXShellScriptBuildPhase;
			buildActionMask = 2147483647;
			files = (
			);
			inputPaths = (
			);
			name = "Check Pods Manifest.lock";
			outputPaths = (
			);
			runOnlyForDeploymentPostprocessing = 0;
			shellPath = /bin/sh;
			shellScript = "diff \"${PODS_ROOT}/../Podfile.lock\" \"${PODS_ROOT}/Manifest.lock\" > /dev/null\nif [[ $? != 0 ]] ; then\n    cat << EOM\nerror: The sandbox is not in sync with the Podfile.lock. Run 'pod install' or update your CocoaPods installation.\nEOM\n    exit 1\nfi\n";
			showEnvVarsInLog = 0;
		};
/* End PBXShellScriptBuildPhase section */

/* Begin PBXSourcesBuildPhase section */
		41D368311A4428CB003C1ACD /* Sources */ = {
			isa = PBXSourcesBuildPhase;
			buildActionMask = 2147483647;
			files = (
				41DE5F651A47EF600085F1E7 /* AddTiltController.m in Sources */,
				41D368701A457D22003C1ACD /* CommonVideoController.m in Sources */,
				41DE5F641A47EF600085F1E7 /* AddSubTitleController.m in Sources */,
				41DE5F621A47EF600085F1E7 /* AddAnimationController.m in Sources */,
				41D3683E1A4428CB003C1ACD /* AppDelegate.m in Sources */,
				41DE5F631A47EF600085F1E7 /* AddOverlayBGController.m in Sources */,
				41D3683B1A4428CB003C1ACD /* main.m in Sources */,
				41D3686F1A457D22003C1ACD /* AddBorderController.m in Sources */,
			);
			runOnlyForDeploymentPostprocessing = 0;
		};
		41D3684A1A4428CB003C1ACD /* Sources */ = {
			isa = PBXSourcesBuildPhase;
			buildActionMask = 2147483647;
			files = (
				41D368551A4428CB003C1ACD /* VideoSpecialEffectDemoTests.m in Sources */,
			);
			runOnlyForDeploymentPostprocessing = 0;
		};
/* End PBXSourcesBuildPhase section */

/* Begin PBXTargetDependency section */
		41D368501A4428CB003C1ACD /* PBXTargetDependency */ = {
			isa = PBXTargetDependency;
			target = 41D368341A4428CB003C1ACD /* VideoSpecialEffectDemo */;
			targetProxy = 41D3684F1A4428CB003C1ACD /* PBXContainerItemProxy */;
		};
/* End PBXTargetDependency section */

/* Begin PBXVariantGroup section */
		41D368421A4428CB003C1ACD /* Main.storyboard */ = {
			isa = PBXVariantGroup;
			children = (
				41D368431A4428CB003C1ACD /* Base */,
			);
			name = Main.storyboard;
			sourceTree = "<group>";
		};
		41D368471A4428CB003C1ACD /* LaunchScreen.xib */ = {
			isa = PBXVariantGroup;
			children = (
				41D368481A4428CB003C1ACD /* Base */,
			);
			name = LaunchScreen.xib;
			sourceTree = "<group>";
		};
/* End PBXVariantGroup section */

/* Begin XCBuildConfiguration section */
		41D368561A4428CB003C1ACD /* Debug */ = {
			isa = XCBuildConfiguration;
			buildSettings = {
				ALWAYS_SEARCH_USER_PATHS = NO;
				CLANG_CXX_LANGUAGE_STANDARD = "gnu++0x";
				CLANG_CXX_LIBRARY = "libc++";
				CLANG_ENABLE_MODULES = YES;
				CLANG_ENABLE_OBJC_ARC = YES;
				CLANG_WARN_BOOL_CONVERSION = YES;
				CLANG_WARN_CONSTANT_CONVERSION = YES;
				CLANG_WARN_DIRECT_OBJC_ISA_USAGE = YES_ERROR;
				CLANG_WARN_EMPTY_BODY = YES;
				CLANG_WARN_ENUM_CONVERSION = YES;
				CLANG_WARN_INT_CONVERSION = YES;
				CLANG_WARN_OBJC_ROOT_CLASS = YES_ERROR;
				CLANG_WARN_UNREACHABLE_CODE = YES;
				CLANG_WARN__DUPLICATE_METHOD_MATCH = YES;
				"CODE_SIGN_IDENTITY[sdk=iphoneos*]" = "iPhone Developer";
				COPY_PHASE_STRIP = NO;
				ENABLE_STRICT_OBJC_MSGSEND = YES;
				GCC_C_LANGUAGE_STANDARD = gnu99;
				GCC_DYNAMIC_NO_PIC = NO;
				GCC_OPTIMIZATION_LEVEL = 0;
				GCC_PREPROCESSOR_DEFINITIONS = (
					"DEBUG=1",
					"$(inherited)",
				);
				GCC_SYMBOLS_PRIVATE_EXTERN = NO;
				GCC_WARN_64_TO_32_BIT_CONVERSION = YES;
				GCC_WARN_ABOUT_RETURN_TYPE = YES_ERROR;
				GCC_WARN_UNDECLARED_SELECTOR = YES;
				GCC_WARN_UNINITIALIZED_AUTOS = YES_AGGRESSIVE;
				GCC_WARN_UNUSED_FUNCTION = YES;
				GCC_WARN_UNUSED_VARIABLE = YES;
				IPHONEOS_DEPLOYMENT_TARGET = 7.1;
				MTL_ENABLE_DEBUG_INFO = YES;
				ONLY_ACTIVE_ARCH = YES;
				SDKROOT = iphoneos;
			};
			name = Debug;
		};
		41D368571A4428CB003C1ACD /* Release */ = {
			isa = XCBuildConfiguration;
			buildSettings = {
				ALWAYS_SEARCH_USER_PATHS = NO;
				CLANG_CXX_LANGUAGE_STANDARD = "gnu++0x";
				CLANG_CXX_LIBRARY = "libc++";
				CLANG_ENABLE_MODULES = YES;
				CLANG_ENABLE_OBJC_ARC = YES;
				CLANG_WARN_BOOL_CONVERSION = YES;
				CLANG_WARN_CONSTANT_CONVERSION = YES;
				CLANG_WARN_DIRECT_OBJC_ISA_USAGE = YES_ERROR;
				CLANG_WARN_EMPTY_BODY = YES;
				CLANG_WARN_ENUM_CONVERSION = YES;
				CLANG_WARN_INT_CONVERSION = YES;
				CLANG_WARN_OBJC_ROOT_CLASS = YES_ERROR;
				CLANG_WARN_UNREACHABLE_CODE = YES;
				CLANG_WARN__DUPLICATE_METHOD_MATCH = YES;
				"CODE_SIGN_IDENTITY[sdk=iphoneos*]" = "iPhone Developer";
				COPY_PHASE_STRIP = YES;
				ENABLE_NS_ASSERTIONS = NO;
				ENABLE_STRICT_OBJC_MSGSEND = YES;
				GCC_C_LANGUAGE_STANDARD = gnu99;
				GCC_WARN_64_TO_32_BIT_CONVERSION = YES;
				GCC_WARN_ABOUT_RETURN_TYPE = YES_ERROR;
				GCC_WARN_UNDECLARED_SELECTOR = YES;
				GCC_WARN_UNINITIALIZED_AUTOS = YES_AGGRESSIVE;
				GCC_WARN_UNUSED_FUNCTION = YES;
				GCC_WARN_UNUSED_VARIABLE = YES;
				IPHONEOS_DEPLOYMENT_TARGET = 7.1;
				MTL_ENABLE_DEBUG_INFO = NO;
				SDKROOT = iphoneos;
				VALIDATE_PRODUCT = YES;
			};
			name = Release;
		};
		41D368591A4428CB003C1ACD /* Debug */ = {
			isa = XCBuildConfiguration;
			baseConfigurationReference = 3800F5E3721AC7D5A0544326 /* Pods.debug.xcconfig */;
			buildSettings = {
				ASSETCATALOG_COMPILER_APPICON_NAME = AppIcon;
				INFOPLIST_FILE = VideoSpecialEffectDemo/Info.plist;
				IPHONEOS_DEPLOYMENT_TARGET = 7.1;
				LD_RUNPATH_SEARCH_PATHS = "$(inherited) @executable_path/Frameworks";
				PRODUCT_NAME = "$(TARGET_NAME)";
			};
			name = Debug;
		};
		41D3685A1A4428CB003C1ACD /* Release */ = {
			isa = XCBuildConfiguration;
			baseConfigurationReference = B45EF4C825566891969E64F5 /* Pods.release.xcconfig */;
			buildSettings = {
				ASSETCATALOG_COMPILER_APPICON_NAME = AppIcon;
				INFOPLIST_FILE = VideoSpecialEffectDemo/Info.plist;
				IPHONEOS_DEPLOYMENT_TARGET = 7.1;
				LD_RUNPATH_SEARCH_PATHS = "$(inherited) @executable_path/Frameworks";
				PRODUCT_NAME = "$(TARGET_NAME)";
			};
			name = Release;
		};
		41D3685C1A4428CB003C1ACD /* Debug */ = {
			isa = XCBuildConfiguration;
			buildSettings = {
				BUNDLE_LOADER = "$(TEST_HOST)";
				FRAMEWORK_SEARCH_PATHS = (
					"$(SDKROOT)/Developer/Library/Frameworks",
					"$(inherited)",
				);
				GCC_PREPROCESSOR_DEFINITIONS = (
					"DEBUG=1",
					"$(inherited)",
				);
				INFOPLIST_FILE = VideoSpecialEffectDemoTests/Info.plist;
				LD_RUNPATH_SEARCH_PATHS = "$(inherited) @executable_path/Frameworks @loader_path/Frameworks";
				PRODUCT_NAME = "$(TARGET_NAME)";
				TEST_HOST = "$(BUILT_PRODUCTS_DIR)/VideoSpecialEffectDemo.app/VideoSpecialEffectDemo";
			};
			name = Debug;
		};
		41D3685D1A4428CB003C1ACD /* Release */ = {
			isa = XCBuildConfiguration;
			buildSettings = {
				BUNDLE_LOADER = "$(TEST_HOST)";
				FRAMEWORK_SEARCH_PATHS = (
					"$(SDKROOT)/Developer/Library/Frameworks",
					"$(inherited)",
				);
				INFOPLIST_FILE = VideoSpecialEffectDemoTests/Info.plist;
				LD_RUNPATH_SEARCH_PATHS = "$(inherited) @executable_path/Frameworks @loader_path/Frameworks";
				PRODUCT_NAME = "$(TARGET_NAME)";
				TEST_HOST = "$(BUILT_PRODUCTS_DIR)/VideoSpecialEffectDemo.app/VideoSpecialEffectDemo";
			};
			name = Release;
		};
/* End XCBuildConfiguration section */

/* Begin XCConfigurationList section */
		41D368301A4428CB003C1ACD /* Build configuration list for PBXProject "VideoSpecialEffectDemo" */ = {
			isa = XCConfigurationList;
			buildConfigurations = (
				41D368561A4428CB003C1ACD /* Debug */,
				41D368571A4428CB003C1ACD /* Release */,
			);
			defaultConfigurationIsVisible = 0;
			defaultConfigurationName = Release;
		};
		41D368581A4428CB003C1ACD /* Build configuration list for PBXNativeTarget "VideoSpecialEffectDemo" */ = {
			isa = XCConfigurationList;
			buildConfigurations = (
				41D368591A4428CB003C1ACD /* Debug */,
				41D3685A1A4428CB003C1ACD /* Release */,
			);
			defaultConfigurationIsVisible = 0;
			defaultConfigurationName = Release;
		};
		41D3685B1A4428CB003C1ACD /* Build configuration list for PBXNativeTarget "VideoSpecialEffectDemoTests" */ = {
			isa = XCConfigurationList;
			buildConfigurations = (
				41D3685C1A4428CB003C1ACD /* Debug */,
				41D3685D1A4428CB003C1ACD /* Release */,
			);
			defaultConfigurationIsVisible = 0;
			defaultConfigurationName = Release;
		};
/* End XCConfigurationList section */
	};
	rootObject = 41D3682D1A4428CB003C1ACD /* Project object */;
}
